
Microsoft Visual Studio Solution File, Format Version 12.00
# Visual Studio Version 16
VisualStudioVersion = 16.0.31229.75
MinimumVisualStudioVersion = 10.0.40219.1
Project("{FAE04EC0-301F-11D3-BF4B-00C04F79EFBC}") = "Fishing.Android", "Fishing\Fishing.Android\Fishing.Android.csproj", "{920B8C1F-D7C7-46E6-99FD-0952C90B84B3}"
EndProject
Project("{FAE04EC0-301F-11D3-BF4B-00C04F79EFBC}") = "Fishing.iOS", "Fishing\Fishing.iOS\Fishing.iOS.csproj", "{3C11171A-3822-4A26-912A-AB820478AA06}"
EndProject
Project("{FAE04EC0-301F-11D3-BF4B-00C04F79EFBC}") = "Fishing", "Fishing\Fishing\Fishing.csproj", "{FBCF2095-5ECC-409B-911D-D567DCF43BA8}"
EndProject
Project("{2150E333-8FDC-42A3-9474-1A3956D46DE8}") = "FishingApp", "FishingApp", "{B7B6A8F5-7C9B-47D9-B2BC-5817D64ECF16}"
EndProject
Global
	GlobalSection(SolutionConfigurationPlatforms) = preSolution
		Debug|Any CPU = Debug|Any CPU
		Debug|iPhone = Debug|iPhone
		Debug|iPhoneSimulator = Debug|iPhoneSimulator
		Release|Any CPU = Release|Any CPU
		Release|iPhone = Release|iPhone
		Release|iPhoneSimulator = Release|iPhoneSimulator
	EndGlobalSection
	GlobalSection(ProjectConfigurationPlatforms) = postSolution
		{920B8C1F-D7C7-46E6-99FD-0952C90B84B3}.Debug|Any CPU.ActiveCfg = Debug|Any CPU
		{920B8C1F-D7C7-46E6-99FD-0952C90B84B3}.Debug|Any CPU.Build.0 = Debug|Any CPU
		{920B8C1F-D7C7-46E6-99FD-0952C90B84B3}.Debug|Any CPU.Deploy.0 = Debug|Any CPU
		{920B8C1F-D7C7-46E6-99FD-0952C90B84B3}.Debug|iPhone.ActiveCfg = Debug|Any CPU
		{920B8C1F-D7C7-46E6-99FD-0952C90B84B3}.Debug|iPhone.Build.0 = Debug|Any CPU
		{920B8C1F-D7C7-46E6-99FD-0952C90B84B3}.Debug|iPhone.Deploy.0 = Debug|Any CPU
		{920B8C1F-D7C7-46E6-99FD-0952C90B84B3}.Debug|iPhoneSimulator.ActiveCfg = Debug|Any CPU
		{920B8C1F-D7C7-46E6-99FD-0952C90B84B3}.Debug|iPhoneSimulator.Build.0 = Debug|Any CPU
		{920B8C1F-D7C7-46E6-99FD-0952C90B84B3}.Debug|iPhoneSimulator.Deploy.0 = Debug|Any CPU
		{920B8C1F-D7C7-46E6-99FD-0952C90B84B3}.Release|Any CPU.ActiveCfg = Release|Any CPU
		{920B8C1F-D7C7-46E6-99FD-0952C90B84B3}.Release|Any CPU.Build.0 = Release|Any CPU
		{920B8C1F-D7C7-46E6-99FD-0952C90B84B3}.Release|Any CPU.Deploy.0 = Release|Any CPU
		{920B8C1F-D7C7-46E6-99FD-0952C90B84B3}.Release|iPhone.ActiveCfg = Release|Any CPU
		{920B8C1F-D7C7-46E6-99FD-0952C90B84B3}.Release|iPhone.Build.0 = Release|Any CPU
		{920B8C1F-D7C7-46E6-99FD-0952C90B84B3}.Release|iPhone.Deploy.0 = Release|Any CPU
		{920B8C1F-D7C7-46E6-99FD-0952C90B84B3}.Release|iPhoneSimulator.ActiveCfg = Release|Any CPU
		{920B8C1F-D7C7-46E6-99FD-0952C90B84B3}.Release|iPhoneSimulator.Build.0 = Release|Any CPU
		{920B8C1F-D7C7-46E6-99FD-0952C90B84B3}.Release|iPhoneSimulator.Deploy.0 = Release|Any CPU
		{3C11171A-3822-4A26-912A-AB820478AA06}.Debug|Any CPU.ActiveCfg = Debug|iPhoneSimulator
		{3C11171A-3822-4A26-912A-AB820478AA06}.Debug|iPhone.ActiveCfg = Debug|iPhone
		{3C11171A-3822-4A26-912A-AB820478AA06}.Debug|iPhone.Build.0 = Debug|iPhone
		{3C11171A-3822-4A26-912A-AB820478AA06}.Debug|iPhoneSimulator.ActiveCfg = Debug|iPhoneSimulator
		{3C11171A-3822-4A26-912A-AB820478AA06}.Debug|iPhoneSimulator.Build.0 = Debug|iPhoneSimulator
		{3C11171A-3822-4A26-912A-AB820478AA06}.Release|Any CPU.ActiveCfg = Release|iPhoneSimulator
		{3C11171A-3822-4A26-912A-AB820478AA06}.Release|iPhone.ActiveCfg = Release|iPhone
		{3C11171A-3822-4A26-912A-AB820478AA06}.Release|iPhone.Build.0 = Release|iPhone
		{3C11171A-3822-4A26-912A-AB820478AA06}.Release|iPhoneSimulator.ActiveCfg = Release|iPhoneSimulator
		{3C11171A-3822-4A26-912A-AB820478AA06}.Release|iPhoneSimulator.Build.0 = Release|iPhoneSimulator
		{FBCF2095-5ECC-409B-911D-D567DCF43BA8}.Debug|Any CPU.ActiveCfg = Debug|Any CPU
		{FBCF2095-5ECC-409B-911D-D567DCF43BA8}.Debug|Any CPU.Build.0 = Debug|Any CPU
		{FBCF2095-5ECC-409B-911D-D567DCF43BA8}.Debug|iPhone.ActiveCfg = Debug|Any CPU
		{FBCF2095-5ECC-409B-911D-D567DCF43BA8}.Debug|iPhone.Build.0 = Debug|Any CPU
		{FBCF2095-5ECC-409B-911D-D567DCF43BA8}.Debug|iPhoneSimulator.ActiveCfg = Debug|Any CPU
		{FBCF2095-5ECC-409B-911D-D567DCF43BA8}.Debug|iPhoneSimulator.Build.0 = Debug|Any CPU
		{FBCF2095-5ECC-409B-911D-D567DCF43BA8}.Release|Any CPU.ActiveCfg = Release|Any CPU
		{FBCF2095-5ECC-409B-911D-D567DCF43BA8}.Release|Any CPU.Build.0 = Release|Any CPU
		{FBCF2095-5ECC-409B-911D-D567DCF43BA8}.Release|iPhone.ActiveCfg = Release|Any CPU
		{FBCF2095-5ECC-409B-911D-D567DCF43BA8}.Release|iPhone.Build.0 = Release|Any CPU
		{FBCF2095-5ECC-409B-911D-D567DCF43BA8}.Release|iPhoneSimulator.ActiveCfg = Release|Any CPU
		{FBCF2095-5ECC-409B-911D-D567DCF43BA8}.Release|iPhoneSimulator.Build.0 = Release|Any CPU
	EndGlobalSection
	GlobalSection(SolutionProperties) = preSolution
		HideSolutionNode = FALSE
	EndGlobalSection
	GlobalSection(NestedProjects) = preSolution
		{920B8C1F-D7C7-46E6-99FD-0952C90B84B3} = {B7B6A8F5-7C9B-47D9-B2BC-5817D64ECF16}
		{3C11171A-3822-4A26-912A-AB820478AA06} = {B7B6A8F5-7C9B-47D9-B2BC-5817D64ECF16}
		{FBCF2095-5ECC-409B-911D-D567DCF43BA8} = {B7B6A8F5-7C9B-47D9-B2BC-5817D64ECF16}
	EndGlobalSection
	GlobalSection(ExtensibilityGlobals) = postSolution
		SolutionGuid = {BFAE87A0-0CDC-4CE5-B442-EEE510F2F7D9}
	EndGlobalSection
EndGlobal
